{
  "name": "conversation-esaa",
  "version": "1.3.0",
  "lockfileVersion": 3,
  "requires": true,
  "packages": {
    "": {
      "name": "conversation-esaa",
      "version": "1.3.0",
      "license": "MIT",
      "bin": {
        "conversation-esaa": "src/cli.js"
      },
      "engines": {
        "node": ">=18"
      }
    }
  }
}
